
Microsoft Visual Studio Solution File, Format Version 12.00
# Visual Studio Version 17
VisualStudioVersion = 17.6.33723.286
MinimumVisualStudioVersion = 10.0.40219.1
Project("{FAE04EC0-301F-11D3-BF4B-00C04F79EFBC}") = "Interpreter", "Interpreter.csproj", "{3BDBFD23-5CA0-4802-B9B6-010D08F9AF1B}"
EndProject
Global
	GlobalSection(SolutionConfigurationPlatforms) = preSolution
		Debug|Any CPU = Debug|Any CPU
		Release|Any CPU = Release|Any CPU
	EndGlobalSection
	GlobalSection(ProjectConfigurationPlatforms) = postSolution
		{3BDBFD23-5CA0-4802-B9B6-010D08F9AF1B}.Debug|Any CPU.ActiveCfg = Debug|Any CPU
		{3BDBFD23-5CA0-4802-B9B6-010D08F9AF1B}.Debug|Any CPU.Build.0 = Debug|Any CPU
		{3BDBFD23-5CA0-4802-B9B6-010D08F9AF1B}.Release|Any CPU.ActiveCfg = Release|Any CPU
		{3BDBFD23-5CA0-4802-B9B6-010D08F9AF1B}.Release|Any CPU.Build.0 = Release|Any CPU
	EndGlobalSection
	GlobalSection(SolutionProperties) = preSolution
		HideSolutionNode = FALSE
	EndGlobalSection
	GlobalSection(ExtensibilityGlobals) = postSolution
		SolutionGuid = {F931E4F6-44FF-4E97-935A-DC0D658EE982}
	EndGlobalSection
EndGlobal
